<?xml version="1.0" encoding="utf-8"?>
<Project ToolsVersion="4.0" xmlns="http://schemas.microsoft.com/developer/msbuild/2003">
  <ItemGroup>
    <Filter Include="Source Files">
      <UniqueIdentifier>{330c1c7e-961b-42ca-8bf9-2c40791837aa}</UniqueIdentifier>
      <Extensions>cpp;c;cxx;rc;def;r;odl;idl;hpj;bat</Extensions>
    </Filter>
    <Filter Include="Header Files">
      <UniqueIdentifier>{4c61bb2a-b793-471e-a93d-0c81e7ef4f55}</UniqueIdentifier>
      <Extensions>h;hpp;hxx;hm;inl</Extensions>
    </Filter>
    <Filter Include="Resource Files">
      <UniqueIdentifier>{053db547-aa08-4095-9c42-98e7fa9326b2}</UniqueIdentifier>
      <Extensions>ico;cur;bmp;dlg;rc2;rct;bin;rgs;gif;jpg;jpeg;jpe</Extensions>
    </Filter>
    <Filter Include="Resource Files\Helpsystem">
      <UniqueIdentifier>{15d4673c-f3b2-4636-9d41-39b8a1735c3f}</UniqueIdentifier>
      <Extensions>*,gif;*.htm</Extensions>
    </Filter>
  </ItemGroup>
  <ItemGroup>
    <ClCompile Include="_README.CPP">
      <Filter>Source Files</Filter>
    </ClCompile>
    <ClCompile Include="ABComms.cpp">
      <Filter>Source Files</Filter>
    </ClCompile>
    <ClCompile Include="ABCommsProcessor.cpp">
      <Filter>Source Files</Filter>
    </ClCompile>
    <ClCompile Include="About.cpp">
      <Filter>Source Files</Filter>
    </ClCompile>
    <ClCompile Include="ActiveScriptHost.cpp">
      <Filter>Source Files</Filter>
    </ClCompile>
    <ClCompile Include="AdvEmulationDlg.cpp">
      <Filter>Source Files</Filter>
    </ClCompile>
    <ClCompile Include="AnimationSettings.cpp">
      <Filter>Source Files</Filter>
    </ClCompile>
    <ClCompile Include="CreditStatic.cpp">
      <Filter>Source Files</Filter>
    </ClCompile>
    <ClCompile Include="CSVFileImportDlg.cpp">
      <Filter>Source Files</Filter>
    </ClCompile>
    <ClCompile Include="CSVReader.cpp">
      <Filter>Source Files</Filter>
    </ClCompile>
    <ClCompile Include="DDKSocket.cpp">
      <Filter>Source Files</Filter>
    </ClCompile>
    <ClCompile Include="DDKSrvSocket.cpp">
      <Filter>Source Files</Filter>
    </ClCompile>
    <ClCompile Include="EasterDlg.cpp">
      <Filter>Source Files</Filter>
    </ClCompile>
    <ClCompile Include="EditMemoryDlg.cpp">
      <Filter>Source Files</Filter>
    </ClCompile>
    <ClCompile Include="FaultsDlg.cpp">
      <Filter>Source Files</Filter>
    </ClCompile>
    <ClCompile Include="FileEditCtrl.cpp">
      <Filter>Source Files</Filter>
    </ClCompile>
    <ClCompile Include="htmloutput.cpp">
      <Filter>Source Files</Filter>
    </ClCompile>
    <ClCompile Include="JoySCCEmulation.cpp">
      <Filter>Source Files</Filter>
    </ClCompile>
    <ClCompile Include="MemoryEditorList.cpp">
      <Filter>Source Files</Filter>
    </ClCompile>
    <ClCompile Include="MemWriteLock.cpp">
      <Filter>Source Files</Filter>
    </ClCompile>
    <ClCompile Include="message.cpp">
      <Filter>Source Files</Filter>
    </ClCompile>
    <ClCompile Include="MOD232CommsProcessor.cpp">
      <Filter>Source Files</Filter>
    </ClCompile>
    <ClCompile Include="mod_RSsim.cpp">
      <Filter>Source Files</Filter>
    </ClCompile>
    <ClCompile Include="mod_RSsimDlg.cpp">
      <Filter>Source Files</Filter>
    </ClCompile>
    <ClCompile Include="MODEthCommsProcessor.cpp">
      <Filter>Source Files</Filter>
    </ClCompile>
    <ClCompile Include="MyHostProxy.cpp">
      <Filter>Source Files</Filter>
    </ClCompile>
    <ClCompile Include="PLCApplication.cpp">
      <Filter>Source Files</Filter>
    </ClCompile>
    <ClCompile Include="RS232Noise.cpp">
      <Filter>Source Files</Filter>
    </ClCompile>
    <ClCompile Include="RS232Port.cpp">
      <Filter>Source Files</Filter>
    </ClCompile>
    <ClCompile Include="SelfRegistrationDlg.cpp">
      <Filter>Source Files</Filter>
    </ClCompile>
    <ClCompile Include="serverRS232array.cpp">
      <Filter>Source Files</Filter>
    </ClCompile>
    <ClCompile Include="ServerSettings232Dlg.cpp">
      <Filter>Source Files</Filter>
    </ClCompile>
    <ClCompile Include="ServerSettingsEthDlg.cpp">
      <Filter>Source Files</Filter>
    </ClCompile>
    <ClCompile Include="ServerSocketArray.cpp">
      <Filter>Source Files</Filter>
    </ClCompile>
    <ClCompile Include="SimCmdLine.cpp">
      <Filter>Source Files</Filter>
    </ClCompile>
    <ClCompile Include="simport.cpp">
      <Filter>Source Files</Filter>
    </ClCompile>
    <ClCompile Include="Splash.cpp">
      <Filter>Source Files</Filter>
    </ClCompile>
    <ClCompile Include="StarWarsCtrl.cpp">
      <Filter>Source Files</Filter>
    </ClCompile>
    <ClCompile Include="StdAfx.cpp">
      <Filter>Source Files</Filter>
    </ClCompile>
    <ClCompile Include="stringcvt.cpp">
      <Filter>Source Files</Filter>
    </ClCompile>
    <ClCompile Include="TrainingSimDlg.cpp">
      <Filter>Source Files</Filter>
    </ClCompile>
    <ClCompile Include="UpdateCheck.cpp">
      <Filter>Source Files</Filter>
    </ClCompile>
    <ClCompile Include="UTIL.CPP">
      <Filter>Source Files</Filter>
    </ClCompile>
  </ItemGroup>
  <ItemGroup>
    <Midl Include="mod_RSsim.odl">
      <Filter>Source Files</Filter>
    </Midl>
  </ItemGroup>
  <ItemGroup>
    <ClInclude Include="ABCommsProcessor.h">
      <Filter>Header Files</Filter>
    </ClInclude>
    <ClInclude Include="About.h">
      <Filter>Header Files</Filter>
    </ClInclude>
    <ClInclude Include="ActiveScriptHost.h">
      <Filter>Header Files</Filter>
    </ClInclude>
    <ClInclude Include="AdvEmulationDlg.h">
      <Filter>Header Files</Filter>
    </ClInclude>
    <ClInclude Include="AnimationSettings.h">
      <Filter>Header Files</Filter>
    </ClInclude>
    <ClInclude Include="CreditStatic.h">
      <Filter>Header Files</Filter>
    </ClInclude>
    <ClInclude Include="CSVFileImportDlg.h">
      <Filter>Header Files</Filter>
    </ClInclude>
    <ClInclude Include="CSVReader.h">
      <Filter>Header Files</Filter>
    </ClInclude>
    <ClInclude Include="DDKSocket.h">
      <Filter>Header Files</Filter>
    </ClInclude>
    <ClInclude Include="DDKSrvSocket.h">
      <Filter>Header Files</Filter>
    </ClInclude>
    <ClInclude Include="DiagnosticsMemFile.h">
      <Filter>Header Files</Filter>
    </ClInclude>
    <ClInclude Include="EasterDlg.h">
      <Filter>Header Files</Filter>
    </ClInclude>
    <ClInclude Include="EditMemoryDlg.h">
      <Filter>Header Files</Filter>
    </ClInclude>
    <ClInclude Include="FaultsDlg.h">
      <Filter>Header Files</Filter>
    </ClInclude>
    <ClInclude Include="FileEditCtrl.h">
      <Filter>Header Files</Filter>
    </ClInclude>
    <ClInclude Include="HtmlOutput.h">
      <Filter>Header Files</Filter>
    </ClInclude>
    <ClInclude Include="JoySCCEmulation.h">
      <Filter>Header Files</Filter>
    </ClInclude>
    <ClInclude Include="MemoryEditorList.h">
      <Filter>Header Files</Filter>
    </ClInclude>
    <ClInclude Include="MemWriteLock.h">
      <Filter>Header Files</Filter>
    </ClInclude>
    <ClInclude Include="message.h">
      <Filter>Header Files</Filter>
    </ClInclude>
    <ClInclude Include="MOD232CommsProcessor.h">
      <Filter>Header Files</Filter>
    </ClInclude>
    <ClInclude Include="mod_RSsim.h">
      <Filter>Header Files</Filter>
    </ClInclude>
    <ClInclude Include="mod_RSsimDlg.h">
      <Filter>Header Files</Filter>
    </ClInclude>
    <ClInclude Include="MODCommsProcessor.h">
      <Filter>Header Files</Filter>
    </ClInclude>
    <ClInclude Include="MODEthCommsProcessor.h">
      <Filter>Header Files</Filter>
    </ClInclude>
    <ClInclude Include="MyHostProxy.h">
      <Filter>Header Files</Filter>
    </ClInclude>
    <ClInclude Include="plantsim.h">
      <Filter>Header Files</Filter>
    </ClInclude>
    <ClInclude Include="Resource.h">
      <Filter>Header Files</Filter>
    </ClInclude>
    <ClInclude Include="RS232Noise.h">
      <Filter>Header Files</Filter>
    </ClInclude>
    <ClInclude Include="RS232Port.h">
      <Filter>Header Files</Filter>
    </ClInclude>
    <ClInclude Include="SelfRegistrationDlg.h">
      <Filter>Header Files</Filter>
    </ClInclude>
    <ClInclude Include="serverRS232array.h">
      <Filter>Header Files</Filter>
    </ClInclude>
    <ClInclude Include="ServerSettings232Dlg.h">
      <Filter>Header Files</Filter>
    </ClInclude>
    <ClInclude Include="ServerSettingsEthDlg.h">
      <Filter>Header Files</Filter>
    </ClInclude>
    <ClInclude Include="ServerSocketArray.h">
      <Filter>Header Files</Filter>
    </ClInclude>
    <ClInclude Include="SimCmdLine.h">
      <Filter>Header Files</Filter>
    </ClInclude>
    <ClInclude Include="simport.h">
      <Filter>Header Files</Filter>
    </ClInclude>
    <ClInclude Include="Splash.h">
      <Filter>Header Files</Filter>
    </ClInclude>
    <ClInclude Include="StarWarsCtrl.h">
      <Filter>Header Files</Filter>
    </ClInclude>
    <ClInclude Include="StatLink.h">
      <Filter>Header Files</Filter>
    </ClInclude>
    <ClInclude Include="StdAfx.h">
      <Filter>Header Files</Filter>
    </ClInclude>
    <ClInclude Include="stringcvt.h">
      <Filter>Header Files</Filter>
    </ClInclude>
    <ClInclude Include="TrainingSimDlg.h">
      <Filter>Header Files</Filter>
    </ClInclude>
    <ClInclude Include="UpdateCheck.h">
      <Filter>Header Files</Filter>
    </ClInclude>
    <ClInclude Include="util.h">
      <Filter>Header Files</Filter>
    </ClInclude>
  </ItemGroup>
  <ItemGroup>
    <Image Include="res\bitmap1.bmp">
      <Filter>Resource Files</Filter>
    </Image>
    <Image Include="res\bmp00001.bmp">
      <Filter>Resource Files</Filter>
    </Image>
    <Image Include="res\bmp00002.bmp">
      <Filter>Resource Files</Filter>
    </Image>
    <Image Include="res\bmp00003.bmp">
      <Filter>Resource Files</Filter>
    </Image>
    <Image Include="res\bmp00004.bmp">
      <Filter>Resource Files</Filter>
    </Image>
    <Image Include="res\bmp00005.bmp">
      <Filter>Resource Files</Filter>
    </Image>
    <Image Include="res\creditbm.bmp">
      <Filter>Resource Files</Filter>
    </Image>
    <Image Include="res\drag.bmp">
      <Filter>Resource Files</Filter>
    </Image>
    <Image Include="res\ico00001.ico">
      <Filter>Resource Files</Filter>
    </Image>
    <Image Include="res\ico00002.ico">
      <Filter>Resource Files</Filter>
    </Image>
    <Image Include="res\idr_main.ico">
      <Filter>Resource Files</Filter>
    </Image>
    <Image Include="res\mod_RSsim.ico">
      <Filter>Resource Files</Filter>
    </Image>
    <Image Include="res\mod_RSsimul.ico">
      <Filter>Resource Files</Filter>
    </Image>
    <Image Include="res\multisla.bmp">
      <Filter>Resource Files</Filter>
    </Image>
    <Image Include="res\toolbar1.bmp">
      <Filter>Resource Files</Filter>
    </Image>
    <Image Include="help\images\advmbus.gif">
      <Filter>Resource Files\Helpsystem</Filter>
    </Image>
    <Image Include="help\images\anim.gif">
      <Filter>Resource Files\Helpsystem</Filter>
    </Image>
    <Image Include="help\images\joyshot.gif">
      <Filter>Resource Files\Helpsystem</Filter>
    </Image>
    <Image Include="help\images\juice.gif">
      <Filter>Resource Files\Helpsystem</Filter>
    </Image>
    <Image Include="help\images\portA.gif">
      <Filter>Resource Files\Helpsystem</Filter>
    </Image>
    <Image Include="help\images\shot1.gif">
      <Filter>Resource Files\Helpsystem</Filter>
    </Image>
    <Image Include="help\images\shot2.gif">
      <Filter>Resource Files\Helpsystem</Filter>
    </Image>
    <Image Include="help\images\toolbar.gif">
      <Filter>Resource Files\Helpsystem</Filter>
    </Image>
  </ItemGroup>
  <ItemGroup>
    <None Include="res\cursor1.cur">
      <Filter>Resource Files</Filter>
    </None>
    <None Include="res\MOD_RSsim.rc2">
      <Filter>Resource Files</Filter>
    </None>
    <None Include="myhandcu.cur">
      <Filter>Resource Files</Filter>
    </None>
    <None Include="help\index.htm">
      <Filter>Resource Files\Helpsystem</Filter>
    </None>
  </ItemGroup>
  <ItemGroup>
    <ResourceCompile Include="mod_RSsim.rc">
      <Filter>Resource Files</Filter>
    </ResourceCompile>
  </ItemGroup>
  <ItemGroup>
    <Text Include="license.txt" />
    <Text Include="ReadMe.txt" />
    <Text Include="versioninfo.txt" />
  </ItemGroup>
</Project>