<?xml version="1.0" encoding="utf-8"?>
<Project ToolsVersion="4.0" xmlns="http://schemas.microsoft.com/developer/msbuild/2003">
  <ItemGroup>
    <Filter Include="Source Files">
      <UniqueIdentifier>{1a2c7432-84fe-4f0f-803a-97a3ab6b960a}</UniqueIdentifier>
      <Extensions>cpp;c;cxx;rc;def;r;odl;idl;hpj;bat</Extensions>
    </Filter>
    <Filter Include="Header Files">
      <UniqueIdentifier>{8400ebd5-ba95-4182-b168-473afec7c33d}</UniqueIdentifier>
      <Extensions>h;hpp;hxx;hm;inl</Extensions>
    </Filter>
  </ItemGroup>
  <ItemGroup>
    <ClCompile Include="ColorPickerCB.cpp">
      <Filter>Source Files</Filter>
    </ClCompile>
    <ClCompile Include="ColorStatic.cpp">
      <Filter>Source Files</Filter>
    </ClCompile>
    <ClCompile Include="CommsLamp.cpp">
      <Filter>Source Files</Filter>
    </ClCompile>
    <ClCompile Include="DragSizerBmp.cpp">
      <Filter>Source Files</Filter>
    </ClCompile>
    <ClCompile Include="dregkey.cpp">
      <Filter>Source Files</Filter>
    </ClCompile>
    <ClCompile Include="MicroTick.cpp">
      <Filter>Source Files</Filter>
    </ClCompile>
    <ClCompile Include="mylib.cpp">
      <Filter>Source Files</Filter>
    </ClCompile>
    <ClCompile Include="Resizer.cpp">
      <Filter>Source Files</Filter>
    </ClCompile>
    <ClCompile Include="StatLink.cpp">
      <Filter>Source Files</Filter>
    </ClCompile>
    <ClCompile Include="StdAfx.cpp">
      <Filter>Source Files</Filter>
    </ClCompile>
  </ItemGroup>
  <ItemGroup>
    <ResourceCompile Include="mylib.rc">
      <Filter>Source Files</Filter>
    </ResourceCompile>
  </ItemGroup>
  <ItemGroup>
    <ClInclude Include="..\simulators\mod_RSsim\ColorPickerCB.h">
      <Filter>Header Files</Filter>
    </ClInclude>
    <ClInclude Include="ColorStatic.h">
      <Filter>Header Files</Filter>
    </ClInclude>
    <ClInclude Include="..\simulators\mod_RSsim\CommsLamp.h">
      <Filter>Header Files</Filter>
    </ClInclude>
    <ClInclude Include="MicroTick.h">
      <Filter>Header Files</Filter>
    </ClInclude>
    <ClInclude Include="mylib.h">
      <Filter>Header Files</Filter>
    </ClInclude>
    <ClInclude Include="StatLink.h">
      <Filter>Header Files</Filter>
    </ClInclude>
    <ClInclude Include="StdAfx.h">
      <Filter>Header Files</Filter>
    </ClInclude>
    <ClInclude Include="..\simulators\mod_RSsim\Tools.h">
      <Filter>Header Files</Filter>
    </ClInclude>
  </ItemGroup>
  <ItemGroup>
    <None Include="myhandcu.cur" />
  </ItemGroup>
  <ItemGroup>
    <Text Include="Readme.txt" />
  </ItemGroup>
</Project>